Microsoft Visual Studio Solution File, Format Version 12.00
# Visual Studio Version 17
VisualStudioVersion = 17.5.2.0
MinimumVisualStudioVersion = 10.0.40219.1
Project("{FAE04EC0-301F-11D3-BF4B-00C04F79EFBC}") = "Base-Testing-Deps", "Base-Testing-Deps.csproj", "{157D3F26-C5B9-D5AB-EDB6-890F5E1CDCC3}"
EndProject
Project("{FAE04EC0-301F-11D3-BF4B-00C04F79EFBC}") = "TestProject1", "TestProject1\TestProject1.csproj", "{A1304408-D371-40C3-8B1C-56CD734D64C0}"
EndProject
Global
	GlobalSection(SolutionConfigurationPlatforms) = preSolution
		Debug|Any CPU = Debug|Any CPU
		Release|Any CPU = Release|Any CPU
	EndGlobalSection
	GlobalSection(ProjectConfigurationPlatforms) = postSolution
		{157D3F26-C5B9-D5AB-EDB6-890F5E1CDCC3}.Debug|Any CPU.ActiveCfg = Debug|Any CPU
		{157D3F26-C5B9-D5AB-EDB6-890F5E1CDCC3}.Debug|Any CPU.Build.0 = Debug|Any CPU
		{157D3F26-C5B9-D5AB-EDB6-890F5E1CDCC3}.Release|Any CPU.ActiveCfg = Release|Any CPU
		{157D3F26-C5B9-D5AB-EDB6-890F5E1CDCC3}.Release|Any CPU.Build.0 = Release|Any CPU
		{A1304408-D371-40C3-8B1C-56CD734D64C0}.Debug|Any CPU.ActiveCfg = Debug|Any CPU
		{A1304408-D371-40C3-8B1C-56CD734D64C0}.Debug|Any CPU.Build.0 = Debug|Any CPU
		{A1304408-D371-40C3-8B1C-56CD734D64C0}.Release|Any CPU.ActiveCfg = Release|Any CPU
		{A1304408-D371-40C3-8B1C-56CD734D64C0}.Release|Any CPU.Build.0 = Release|Any CPU
	EndGlobalSection
	GlobalSection(SolutionProperties) = preSolution
		HideSolutionNode = FALSE
	EndGlobalSection
	GlobalSection(ExtensibilityGlobals) = postSolution
		SolutionGuid = {65D6B0A1-3C9F-4267-8422-77067BF17B48}
	EndGlobalSection
EndGlobal
